
Microsoft Visual Studio Solution File, Format Version 12.00
# Visual Studio Version 17
VisualStudioVersion = 17.13.35919.96 d17.13
MinimumVisualStudioVersion = 10.0.40219.1
Project("{FAE04EC0-301F-11D3-BF4B-00C04F79EFBC}") = "EventPlannerAPI", "EventPlannerAPI\EventPlannerAPI.csproj", "{74BE0025-29E1-4F5B-89C9-5A01C49A0F09}"
EndProject
Global
	GlobalSection(SolutionConfigurationPlatforms) = preSolution
		Debug|Any CPU = Debug|Any CPU
		Release|Any CPU = Release|Any CPU
	EndGlobalSection
	GlobalSection(ProjectConfigurationPlatforms) = postSolution
		{74BE0025-29E1-4F5B-89C9-5A01C49A0F09}.Debug|Any CPU.ActiveCfg = Debug|Any CPU
		{74BE0025-29E1-4F5B-89C9-5A01C49A0F09}.Debug|Any CPU.Build.0 = Debug|Any CPU
		{74BE0025-29E1-4F5B-89C9-5A01C49A0F09}.Release|Any CPU.ActiveCfg = Release|Any CPU
		{74BE0025-29E1-4F5B-89C9-5A01C49A0F09}.Release|Any CPU.Build.0 = Release|Any CPU
	EndGlobalSection
	GlobalSection(SolutionProperties) = preSolution
		HideSolutionNode = FALSE
	EndGlobalSection
	GlobalSection(ExtensibilityGlobals) = postSolution
		SolutionGuid = {0575510A-24B3-462C-97BD-5B7B5BB20B26}
	EndGlobalSection
EndGlobal
